
Microsoft Visual Studio Solution File, Format Version 12.00
# Visual Studio 15
VisualStudioVersion = 15.0.27130.2036
MinimumVisualStudioVersion = 10.0.40219.1
Project("{9A19103F-16F7-4668-BE54-9A1E7A4F7556}") = "SportsStore", "SportsStore.csproj", "{1C5A0153-380D-4B8F-AFFC-7900D0306DD4}"
EndProject
Project("{9A19103F-16F7-4668-BE54-9A1E7A4F7556}") = "SportsStore.Tests", "..\SportsStore.Tests\SportsStore.Tests.csproj", "{6A7573C6-DD82-4976-9682-6811BE89543C}"
EndProject
Global
	GlobalSection(SolutionConfigurationPlatforms) = preSolution
		Debug|Any CPU = Debug|Any CPU
		Release|Any CPU = Release|Any CPU
	EndGlobalSection
	GlobalSection(ProjectConfigurationPlatforms) = postSolution
		{1C5A0153-380D-4B8F-AFFC-7900D0306DD4}.Debug|Any CPU.ActiveCfg = Debug|Any CPU
		{1C5A0153-380D-4B8F-AFFC-7900D0306DD4}.Debug|Any CPU.Build.0 = Debug|Any CPU
		{1C5A0153-380D-4B8F-AFFC-7900D0306DD4}.Release|Any CPU.ActiveCfg = Release|Any CPU
		{1C5A0153-380D-4B8F-AFFC-7900D0306DD4}.Release|Any CPU.Build.0 = Release|Any CPU
		{6A7573C6-DD82-4976-9682-6811BE89543C}.Debug|Any CPU.ActiveCfg = Debug|Any CPU
		{6A7573C6-DD82-4976-9682-6811BE89543C}.Debug|Any CPU.Build.0 = Debug|Any CPU
		{6A7573C6-DD82-4976-9682-6811BE89543C}.Release|Any CPU.ActiveCfg = Release|Any CPU
		{6A7573C6-DD82-4976-9682-6811BE89543C}.Release|Any CPU.Build.0 = Release|Any CPU
	EndGlobalSection
	GlobalSection(SolutionProperties) = preSolution
		HideSolutionNode = FALSE
	EndGlobalSection
	GlobalSection(ExtensibilityGlobals) = postSolution
		SolutionGuid = {3B34DA4D-8405-44BB-95E0-DC1DB34F9CF9}
	EndGlobalSection
EndGlobal
